
Microsoft Visual Studio Solution File, Format Version 12.00
# Visual Studio Version 16
VisualStudioVersion = 16.0.31005.135
MinimumVisualStudioVersion = 10.0.40219.1
Project("{FAE04EC0-301F-11D3-BF4B-00C04F79EFBC}") = "WebViewWindows", "WebViewWindows\WebViewWindows.csproj", "{057849E4-B82D-4AB6-99A3-AD3F48DE727E}"
EndProject
Global
	GlobalSection(SolutionConfigurationPlatforms) = preSolution
		Debug|Any CPU = Debug|Any CPU
		Release|Any CPU = Release|Any CPU
	EndGlobalSection
	GlobalSection(ProjectConfigurationPlatforms) = postSolution
		{057849E4-B82D-4AB6-99A3-AD3F48DE727E}.Debug|Any CPU.ActiveCfg = Debug|Any CPU
		{057849E4-B82D-4AB6-99A3-AD3F48DE727E}.Debug|Any CPU.Build.0 = Debug|Any CPU
		{057849E4-B82D-4AB6-99A3-AD3F48DE727E}.Release|Any CPU.ActiveCfg = Release|Any CPU
		{057849E4-B82D-4AB6-99A3-AD3F48DE727E}.Release|Any CPU.Build.0 = Release|Any CPU
	EndGlobalSection
	GlobalSection(SolutionProperties) = preSolution
		HideSolutionNode = FALSE
	EndGlobalSection
	GlobalSection(ExtensibilityGlobals) = postSolution
		SolutionGuid = {F4A5A7E0-F729-49D1-86D2-650C871D3A4E}
	EndGlobalSection
EndGlobal
